
Microsoft Visual Studio Solution File, Format Version 12.00
# Visual Studio 2013
VisualStudioVersion = 12.0.21005.1
MinimumVisualStudioVersion = 10.0.40219.1
Project("{FAE04EC0-301F-11D3-BF4B-00C04F79EFBC}") = "POSManagementApp", "POSManagementApp\POSManagementApp.csproj", "{693C4CA1-6A95-4E7E-80B9-45AC355CD16F}"
EndProject
Global
	GlobalSection(SolutionConfigurationPlatforms) = preSolution
		Debug|Any CPU = Debug|Any CPU
		Release|Any CPU = Release|Any CPU
	EndGlobalSection
	GlobalSection(ProjectConfigurationPlatforms) = postSolution
		{693C4CA1-6A95-4E7E-80B9-45AC355CD16F}.Debug|Any CPU.ActiveCfg = Debug|Any CPU
		{693C4CA1-6A95-4E7E-80B9-45AC355CD16F}.Debug|Any CPU.Build.0 = Debug|Any CPU
		{693C4CA1-6A95-4E7E-80B9-45AC355CD16F}.Release|Any CPU.ActiveCfg = Release|Any CPU
		{693C4CA1-6A95-4E7E-80B9-45AC355CD16F}.Release|Any CPU.Build.0 = Release|Any CPU
	EndGlobalSection
	GlobalSection(SolutionProperties) = preSolution
		HideSolutionNode = FALSE
	EndGlobalSection
EndGlobal
